
Microsoft Visual Studio Solution File, Format Version 12.00
# Visual Studio 15
VisualStudioVersion = 15.0.28307.960
MinimumVisualStudioVersion = 10.0.40219.1
Project("{FAE04EC0-301F-11D3-BF4B-00C04F79EFBC}") = "AthosApp", "AthosApp\AthosApp.csproj", "{78BBEAF8-1CC0-42D9-B249-E6F4B0A5E836}"
EndProject
Project("{FAE04EC0-301F-11D3-BF4B-00C04F79EFBC}") = "AthosApp.Tests", "AthosApp.Tests\AthosApp.Tests.csproj", "{9E6A29FF-F91A-4430-B740-A65F83E95DBA}"
EndProject
Global
	GlobalSection(SolutionConfigurationPlatforms) = preSolution
		Debug|Any CPU = Debug|Any CPU
		Release|Any CPU = Release|Any CPU
	EndGlobalSection
	GlobalSection(ProjectConfigurationPlatforms) = postSolution
		{78BBEAF8-1CC0-42D9-B249-E6F4B0A5E836}.Debug|Any CPU.ActiveCfg = Debug|Any CPU
		{78BBEAF8-1CC0-42D9-B249-E6F4B0A5E836}.Debug|Any CPU.Build.0 = Debug|Any CPU
		{78BBEAF8-1CC0-42D9-B249-E6F4B0A5E836}.Release|Any CPU.ActiveCfg = Release|Any CPU
		{78BBEAF8-1CC0-42D9-B249-E6F4B0A5E836}.Release|Any CPU.Build.0 = Release|Any CPU
		{9E6A29FF-F91A-4430-B740-A65F83E95DBA}.Debug|Any CPU.ActiveCfg = Debug|Any CPU
		{9E6A29FF-F91A-4430-B740-A65F83E95DBA}.Debug|Any CPU.Build.0 = Debug|Any CPU
		{9E6A29FF-F91A-4430-B740-A65F83E95DBA}.Release|Any CPU.ActiveCfg = Release|Any CPU
		{9E6A29FF-F91A-4430-B740-A65F83E95DBA}.Release|Any CPU.Build.0 = Release|Any CPU
	EndGlobalSection
	GlobalSection(SolutionProperties) = preSolution
		HideSolutionNode = FALSE
	EndGlobalSection
	GlobalSection(ExtensibilityGlobals) = postSolution
		SolutionGuid = {E6C8D626-8725-4066-BFB9-7DFEF15618CB}
	EndGlobalSection
EndGlobal
